
Microsoft Visual Studio Solution File, Format Version 12.00
# Visual Studio Version 18
VisualStudioVersion = 18.0.11222.15 d18.0
MinimumVisualStudioVersion = 10.0.40219.1
Project("{2150E333-8FDC-42A3-9474-1A3956D46DE8}") = "Libs", "Libs", "{2C27DD50-DD81-44D3-BA84-0CBDFE09AF52}"
EndProject
Project("{FAE04EC0-301F-11D3-BF4B-00C04F79EFBC}") = "Hans.NET", "Hans.NET\Hans.NET.csproj", "{4E07FCE2-CAF2-4F69-9F7C-C4B45B41D934}"
EndProject
Project("{FAE04EC0-301F-11D3-BF4B-00C04F79EFBC}") = "Opc2Lib", "Opc2Lib\Opc2Lib.csproj", "{8985B1C4-0F12-10D0-990D-EF72ABE89CCC}"
EndProject
Project("{FAE04EC0-301F-11D3-BF4B-00C04F79EFBC}") = "PrintMate.Terminal", "PrintMate.Terminal\PrintMate.Terminal.csproj", "{22D49766-CB38-FB81-D9F3-CD19C3B9ACE8}"
EndProject
Project("{FAE04EC0-301F-11D3-BF4B-00C04F79EFBC}") = "LaserLib", "LaserLib\LaserLib.csproj", "{36816526-C0F9-4E7E-A7D9-B7BE6478703B}"
EndProject
Project("{2150E333-8FDC-42A3-9474-1A3956D46DE8}") = "Hans", "Hans", "{36D591C7-65C7-A0D1-1CBC-10CDE441BDC8}"
EndProject
Project("{FAE04EC0-301F-11D3-BF4B-00C04F79EFBC}") = "HansScannerHost", "HansScannerHost\HansScannerHost.csproj", "{8F4803E7-F0FF-48A1-8DEA-17134568AA9C}"
EndProject
Project("{FAE04EC0-301F-11D3-BF4B-00C04F79EFBC}") = "PipeLib", "PipeLib\PipeLib.csproj", "{D74E9A97-9429-4F37-B314-0C2C5A13E1AC}"
EndProject
Project("{FAE04EC0-301F-11D3-BF4B-00C04F79EFBC}") = "HansDebuggerApp", "HansDebuggerApp\HansDebuggerApp.csproj", "{81DF6425-DAF4-4DBA-AB50-1D476D1511EC}"
EndProject
Project("{2150E333-8FDC-42A3-9474-1A3956D46DE8}") = "Web", "Web", "{E3A7676F-9E40-4E88-888C-5EBD2D571825}"
EndProject
Project("{FAE04EC0-301F-11D3-BF4B-00C04F79EFBC}") = "LaserCalibrator", "LaserCalibrator\LaserCalibrator.csproj", "{A2FA9702-BF29-477C-BBA1-2A9F67AED06C}"
EndProject
Project("{FAE04EC0-301F-11D3-BF4B-00C04F79EFBC}") = "HansHostProvider", "HansHostProvider\HansHostProvider.csproj", "{6C7F3F9C-4EEE-49AB-AFEF-3819A00B6DBF}"
EndProject
Project("{2150E333-8FDC-42A3-9474-1A3956D46DE8}") = "Services", "Services", "{1FF6DE91-3EBD-4767-A034-756A62CB1340}"
EndProject
Project("{2150E333-8FDC-42A3-9474-1A3956D46DE8}") = "HansHostService", "HansHostService", "{85C311DA-6ABC-4661-8C2B-7C8FCEF46BCB}"
EndProject
Project("{FAE04EC0-301F-11D3-BF4B-00C04F79EFBC}") = "HansHostProvider.Shared", "HansHostProvider.Shared\HansHostProvider.Shared.csproj", "{1874396D-2F90-4FF0-B31B-F95E73772812}"
EndProject
Project("{2150E333-8FDC-42A3-9474-1A3956D46DE8}") = "ServicesObserver", "ServicesObserver", "{2BF2BB58-BA29-4658-AFB7-345830B1C840}"
EndProject
Project("{FAE04EC0-301F-11D3-BF4B-00C04F79EFBC}") = "Observer", "Observer\Observer.csproj", "{CFFBA15A-50AE-4E8E-9B91-794DF74DDD96}"
EndProject
Project("{FAE04EC0-301F-11D3-BF4B-00C04F79EFBC}") = "Observer.Shared", "Observer.Shared\Observer.Shared.csproj", "{A929D611-0598-4D68-B58A-6D32DF7EACDB}"
EndProject
Project("{2150E333-8FDC-42A3-9474-1A3956D46DE8}") = "Logging", "Logging", "{4DCA25B7-C8A0-4ECE-B5B0-D4FEB5686F67}"
EndProject
Project("{FAE04EC0-301F-11D3-BF4B-00C04F79EFBC}") = "LoggingService", "LoggingService\LoggingService.csproj", "{0A83E1B0-E070-9F99-FF67-C1B90F446AE7}"
EndProject
Project("{FAE04EC0-301F-11D3-BF4B-00C04F79EFBC}") = "LoggingService.Client", "LoggingService.Client\LoggingService.Client.csproj", "{E888E34A-D80C-739C-9898-59E84AC8A473}"
EndProject
Project("{FAE04EC0-301F-11D3-BF4B-00C04F79EFBC}") = "LoggingService.Shared", "LoggingService.Shared\LoggingService.Shared.csproj", "{DC274153-CAAA-0B37-6E19-75D56EBF4160}"
EndProject
Project("{2150E333-8FDC-42A3-9474-1A3956D46DE8}") = "PrintSpectator", "PrintSpectator", "{151C1653-D126-403A-B666-3D3F696254A3}"
EndProject
Project("{FAE04EC0-301F-11D3-BF4B-00C04F79EFBC}") = "PrintSpectator.Shared", "PrintSpectator.Shared\PrintSpectator.Shared.csproj", "{0E28687E-E5C5-4F86-AAFA-BE8D5634A650}"
EndProject
Project("{FAE04EC0-301F-11D3-BF4B-00C04F79EFBC}") = "LaserConfigurator", "LaserConfigurator\LaserConfigurator.csproj", "{95FACBD3-9C23-4813-B5AD-23CF4ED748C7}"
EndProject
Project("{FAE04EC0-301F-11D3-BF4B-00C04F79EFBC}") = "LogViewerApp", "UtilsApps\LogViewerApp\LogViewerApp.csproj", "{2820A2A4-5258-F2BF-AA5F-E179535CCDC3}"
EndProject
Project("{FAE04EC0-301F-11D3-BF4B-00C04F79EFBC}") = "ControlPanel", "ControlPanel\ControlPanel.csproj", "{47206EC7-8432-484A-8F39-4C85899AA0EB}"
EndProject
Project("{FAE04EC0-301F-11D3-BF4B-00C04F79EFBC}") = "LayerAnalyzer.Lib", "LayerAnalyzer.Lib\LayerAnalyzer.Lib.csproj", "{72BF0877-6A8E-571D-D466-818B88C19423}"
EndProject
Project("{FAE04EC0-301F-11D3-BF4B-00C04F79EFBC}") = "TestAMT16Screen", "TestAMT16Screen\TestAMT16Screen.csproj", "{EAA84422-8BD1-49E6-9DF1-FD927FE778CD}"
EndProject
Global
	GlobalSection(SolutionConfigurationPlatforms) = preSolution
		ATM16_Debug|Any CPU = ATM16_Debug|Any CPU
		ATM16_Debug|x64 = ATM16_Debug|x64
		ATM16_Debug|x86 = ATM16_Debug|x86
		ATM32_Debug|Any CPU = ATM32_Debug|Any CPU
		ATM32_Debug|x64 = ATM32_Debug|x64
		ATM32_Debug|x86 = ATM32_Debug|x86
		Debug|Any CPU = Debug|Any CPU
		Debug|x64 = Debug|x64
		Debug|x86 = Debug|x86
		Release|Any CPU = Release|Any CPU
		Release|x64 = Release|x64
		Release|x86 = Release|x86
	EndGlobalSection
	GlobalSection(ProjectConfigurationPlatforms) = postSolution
		{4E07FCE2-CAF2-4F69-9F7C-C4B45B41D934}.ATM16_Debug|Any CPU.ActiveCfg = Release|Any CPU
		{4E07FCE2-CAF2-4F69-9F7C-C4B45B41D934}.ATM16_Debug|Any CPU.Build.0 = Release|Any CPU
		{4E07FCE2-CAF2-4F69-9F7C-C4B45B41D934}.ATM16_Debug|x64.ActiveCfg = Release|Any CPU
		{4E07FCE2-CAF2-4F69-9F7C-C4B45B41D934}.ATM16_Debug|x64.Build.0 = Release|Any CPU
		{4E07FCE2-CAF2-4F69-9F7C-C4B45B41D934}.ATM16_Debug|x86.ActiveCfg = ATM16_Debug|Any CPU
		{4E07FCE2-CAF2-4F69-9F7C-C4B45B41D934}.ATM16_Debug|x86.Build.0 = ATM16_Debug|Any CPU
		{4E07FCE2-CAF2-4F69-9F7C-C4B45B41D934}.ATM32_Debug|Any CPU.ActiveCfg = Release|Any CPU
		{4E07FCE2-CAF2-4F69-9F7C-C4B45B41D934}.ATM32_Debug|Any CPU.Build.0 = Release|Any CPU
		{4E07FCE2-CAF2-4F69-9F7C-C4B45B41D934}.ATM32_Debug|x64.ActiveCfg = Release|Any CPU
		{4E07FCE2-CAF2-4F69-9F7C-C4B45B41D934}.ATM32_Debug|x64.Build.0 = Release|Any CPU
		{4E07FCE2-CAF2-4F69-9F7C-C4B45B41D934}.ATM32_Debug|x86.ActiveCfg = ATM32_Debug|Any CPU
		{4E07FCE2-CAF2-4F69-9F7C-C4B45B41D934}.ATM32_Debug|x86.Build.0 = ATM32_Debug|Any CPU
		{4E07FCE2-CAF2-4F69-9F7C-C4B45B41D934}.Debug|Any CPU.ActiveCfg = Debug|Any CPU
		{4E07FCE2-CAF2-4F69-9F7C-C4B45B41D934}.Debug|Any CPU.Build.0 = Debug|Any CPU
		{4E07FCE2-CAF2-4F69-9F7C-C4B45B41D934}.Debug|x64.ActiveCfg = Debug|x64
		{4E07FCE2-CAF2-4F69-9F7C-C4B45B41D934}.Debug|x64.Build.0 = Debug|x64
		{4E07FCE2-CAF2-4F69-9F7C-C4B45B41D934}.Debug|x86.ActiveCfg = Debug|Any CPU
		{4E07FCE2-CAF2-4F69-9F7C-C4B45B41D934}.Debug|x86.Build.0 = Debug|Any CPU
		{4E07FCE2-CAF2-4F69-9F7C-C4B45B41D934}.Release|Any CPU.ActiveCfg = Release|Any CPU
		{4E07FCE2-CAF2-4F69-9F7C-C4B45B41D934}.Release|Any CPU.Build.0 = Release|Any CPU
		{4E07FCE2-CAF2-4F69-9F7C-C4B45B41D934}.Release|x64.ActiveCfg = Release|Any CPU
		{4E07FCE2-CAF2-4F69-9F7C-C4B45B41D934}.Release|x64.Build.0 = Release|Any CPU
		{4E07FCE2-CAF2-4F69-9F7C-C4B45B41D934}.Release|x86.ActiveCfg = Release|Any CPU
		{4E07FCE2-CAF2-4F69-9F7C-C4B45B41D934}.Release|x86.Build.0 = Release|Any CPU
		{8985B1C4-0F12-10D0-990D-EF72ABE89CCC}.ATM16_Debug|Any CPU.ActiveCfg = Release|Any CPU
		{8985B1C4-0F12-10D0-990D-EF72ABE89CCC}.ATM16_Debug|Any CPU.Build.0 = Release|Any CPU
		{8985B1C4-0F12-10D0-990D-EF72ABE89CCC}.ATM16_Debug|x64.ActiveCfg = Release|Any CPU
		{8985B1C4-0F12-10D0-990D-EF72ABE89CCC}.ATM16_Debug|x64.Build.0 = Release|Any CPU
		{8985B1C4-0F12-10D0-990D-EF72ABE89CCC}.ATM16_Debug|x86.ActiveCfg = ATM16_Debug|Any CPU
		{8985B1C4-0F12-10D0-990D-EF72ABE89CCC}.ATM16_Debug|x86.Build.0 = ATM16_Debug|Any CPU
		{8985B1C4-0F12-10D0-990D-EF72ABE89CCC}.ATM32_Debug|Any CPU.ActiveCfg = Release|Any CPU
		{8985B1C4-0F12-10D0-990D-EF72ABE89CCC}.ATM32_Debug|Any CPU.Build.0 = Release|Any CPU
		{8985B1C4-0F12-10D0-990D-EF72ABE89CCC}.ATM32_Debug|x64.ActiveCfg = Release|Any CPU
		{8985B1C4-0F12-10D0-990D-EF72ABE89CCC}.ATM32_Debug|x64.Build.0 = Release|Any CPU
		{8985B1C4-0F12-10D0-990D-EF72ABE89CCC}.ATM32_Debug|x86.ActiveCfg = ATM32_Debug|Any CPU
		{8985B1C4-0F12-10D0-990D-EF72ABE89CCC}.ATM32_Debug|x86.Build.0 = ATM32_Debug|Any CPU
		{8985B1C4-0F12-10D0-990D-EF72ABE89CCC}.Debug|Any CPU.ActiveCfg = Debug|Any CPU
		{8985B1C4-0F12-10D0-990D-EF72ABE89CCC}.Debug|Any CPU.Build.0 = Debug|Any CPU
		{8985B1C4-0F12-10D0-990D-EF72ABE89CCC}.Debug|x64.ActiveCfg = Debug|Any CPU
		{8985B1C4-0F12-10D0-990D-EF72ABE89CCC}.Debug|x64.Build.0 = Debug|Any CPU
		{8985B1C4-0F12-10D0-990D-EF72ABE89CCC}.Debug|x86.ActiveCfg = Debug|Any CPU
		{8985B1C4-0F12-10D0-990D-EF72ABE89CCC}.Debug|x86.Build.0 = Debug|Any CPU
		{8985B1C4-0F12-10D0-990D-EF72ABE89CCC}.Release|Any CPU.ActiveCfg = Release|Any CPU
		{8985B1C4-0F12-10D0-990D-EF72ABE89CCC}.Release|Any CPU.Build.0 = Release|Any CPU
		{8985B1C4-0F12-10D0-990D-EF72ABE89CCC}.Release|x64.ActiveCfg = Release|Any CPU
		{8985B1C4-0F12-10D0-990D-EF72ABE89CCC}.Release|x64.Build.0 = Release|Any CPU
		{8985B1C4-0F12-10D0-990D-EF72ABE89CCC}.Release|x86.ActiveCfg = Release|Any CPU
		{8985B1C4-0F12-10D0-990D-EF72ABE89CCC}.Release|x86.Build.0 = Release|Any CPU
		{22D49766-CB38-FB81-D9F3-CD19C3B9ACE8}.ATM16_Debug|Any CPU.ActiveCfg = ATM16_Debug|Any CPU
		{22D49766-CB38-FB81-D9F3-CD19C3B9ACE8}.ATM16_Debug|Any CPU.Build.0 = ATM16_Debug|Any CPU
		{22D49766-CB38-FB81-D9F3-CD19C3B9ACE8}.ATM16_Debug|x64.ActiveCfg = ATM16_Debug|Any CPU
		{22D49766-CB38-FB81-D9F3-CD19C3B9ACE8}.ATM16_Debug|x64.Build.0 = ATM16_Debug|Any CPU
		{22D49766-CB38-FB81-D9F3-CD19C3B9ACE8}.ATM16_Debug|x86.ActiveCfg = ATM16_Debug|Any CPU
		{22D49766-CB38-FB81-D9F3-CD19C3B9ACE8}.ATM16_Debug|x86.Build.0 = ATM16_Debug|Any CPU
		{22D49766-CB38-FB81-D9F3-CD19C3B9ACE8}.ATM32_Debug|Any CPU.ActiveCfg = ATM32_Debug|Any CPU
		{22D49766-CB38-FB81-D9F3-CD19C3B9ACE8}.ATM32_Debug|Any CPU.Build.0 = ATM32_Debug|Any CPU
		{22D49766-CB38-FB81-D9F3-CD19C3B9ACE8}.ATM32_Debug|x64.ActiveCfg = ATM32_Debug|Any CPU
		{22D49766-CB38-FB81-D9F3-CD19C3B9ACE8}.ATM32_Debug|x64.Build.0 = ATM32_Debug|Any CPU
		{22D49766-CB38-FB81-D9F3-CD19C3B9ACE8}.ATM32_Debug|x86.ActiveCfg = ATM32_Debug|Any CPU
		{22D49766-CB38-FB81-D9F3-CD19C3B9ACE8}.ATM32_Debug|x86.Build.0 = ATM32_Debug|Any CPU
		{22D49766-CB38-FB81-D9F3-CD19C3B9ACE8}.Debug|Any CPU.ActiveCfg = Debug|Any CPU
		{22D49766-CB38-FB81-D9F3-CD19C3B9ACE8}.Debug|Any CPU.Build.0 = Debug|Any CPU
		{22D49766-CB38-FB81-D9F3-CD19C3B9ACE8}.Debug|x64.ActiveCfg = Debug|Any CPU
		{22D49766-CB38-FB81-D9F3-CD19C3B9ACE8}.Debug|x64.Build.0 = Debug|Any CPU
		{22D49766-CB38-FB81-D9F3-CD19C3B9ACE8}.Debug|x86.ActiveCfg = Debug|Any CPU
		{22D49766-CB38-FB81-D9F3-CD19C3B9ACE8}.Debug|x86.Build.0 = Debug|Any CPU
		{22D49766-CB38-FB81-D9F3-CD19C3B9ACE8}.Release|Any CPU.ActiveCfg = Release|Any CPU
		{22D49766-CB38-FB81-D9F3-CD19C3B9ACE8}.Release|Any CPU.Build.0 = Release|Any CPU
		{22D49766-CB38-FB81-D9F3-CD19C3B9ACE8}.Release|x64.ActiveCfg = Release|Any CPU
		{22D49766-CB38-FB81-D9F3-CD19C3B9ACE8}.Release|x64.Build.0 = Release|Any CPU
		{22D49766-CB38-FB81-D9F3-CD19C3B9ACE8}.Release|x86.ActiveCfg = Release|Any CPU
		{22D49766-CB38-FB81-D9F3-CD19C3B9ACE8}.Release|x86.Build.0 = Release|Any CPU
		{36816526-C0F9-4E7E-A7D9-B7BE6478703B}.ATM16_Debug|Any CPU.ActiveCfg = Release|Any CPU
		{36816526-C0F9-4E7E-A7D9-B7BE6478703B}.ATM16_Debug|Any CPU.Build.0 = Release|Any CPU
		{36816526-C0F9-4E7E-A7D9-B7BE6478703B}.ATM16_Debug|x64.ActiveCfg = Release|Any CPU
		{36816526-C0F9-4E7E-A7D9-B7BE6478703B}.ATM16_Debug|x64.Build.0 = Release|Any CPU
		{36816526-C0F9-4E7E-A7D9-B7BE6478703B}.ATM16_Debug|x86.ActiveCfg = ATM16_Debug|Any CPU
		{36816526-C0F9-4E7E-A7D9-B7BE6478703B}.ATM16_Debug|x86.Build.0 = ATM16_Debug|Any CPU
		{36816526-C0F9-4E7E-A7D9-B7BE6478703B}.ATM32_Debug|Any CPU.ActiveCfg = Release|Any CPU
		{36816526-C0F9-4E7E-A7D9-B7BE6478703B}.ATM32_Debug|Any CPU.Build.0 = Release|Any CPU
		{36816526-C0F9-4E7E-A7D9-B7BE6478703B}.ATM32_Debug|x64.ActiveCfg = Release|Any CPU
		{36816526-C0F9-4E7E-A7D9-B7BE6478703B}.ATM32_Debug|x64.Build.0 = Release|Any CPU
		{36816526-C0F9-4E7E-A7D9-B7BE6478703B}.ATM32_Debug|x86.ActiveCfg = ATM32_Debug|Any CPU
		{36816526-C0F9-4E7E-A7D9-B7BE6478703B}.ATM32_Debug|x86.Build.0 = ATM32_Debug|Any CPU
		{36816526-C0F9-4E7E-A7D9-B7BE6478703B}.Debug|Any CPU.ActiveCfg = Debug|Any CPU
		{36816526-C0F9-4E7E-A7D9-B7BE6478703B}.Debug|Any CPU.Build.0 = Debug|Any CPU
		{36816526-C0F9-4E7E-A7D9-B7BE6478703B}.Debug|x64.ActiveCfg = Debug|Any CPU
		{36816526-C0F9-4E7E-A7D9-B7BE6478703B}.Debug|x64.Build.0 = Debug|Any CPU
		{36816526-C0F9-4E7E-A7D9-B7BE6478703B}.Debug|x86.ActiveCfg = Debug|Any CPU
		{36816526-C0F9-4E7E-A7D9-B7BE6478703B}.Debug|x86.Build.0 = Debug|Any CPU
		{36816526-C0F9-4E7E-A7D9-B7BE6478703B}.Release|Any CPU.ActiveCfg = Release|Any CPU
		{36816526-C0F9-4E7E-A7D9-B7BE6478703B}.Release|Any CPU.Build.0 = Release|Any CPU
		{36816526-C0F9-4E7E-A7D9-B7BE6478703B}.Release|x64.ActiveCfg = Release|Any CPU
		{36816526-C0F9-4E7E-A7D9-B7BE6478703B}.Release|x64.Build.0 = Release|Any CPU
		{36816526-C0F9-4E7E-A7D9-B7BE6478703B}.Release|x86.ActiveCfg = Release|Any CPU
		{36816526-C0F9-4E7E-A7D9-B7BE6478703B}.Release|x86.Build.0 = Release|Any CPU
		{8F4803E7-F0FF-48A1-8DEA-17134568AA9C}.ATM16_Debug|Any CPU.ActiveCfg = Debug|x64
		{8F4803E7-F0FF-48A1-8DEA-17134568AA9C}.ATM16_Debug|Any CPU.Build.0 = Debug|x64
		{8F4803E7-F0FF-48A1-8DEA-17134568AA9C}.ATM16_Debug|x64.ActiveCfg = Debug|x64
		{8F4803E7-F0FF-48A1-8DEA-17134568AA9C}.ATM16_Debug|x64.Build.0 = Debug|x64
		{8F4803E7-F0FF-48A1-8DEA-17134568AA9C}.ATM16_Debug|x86.ActiveCfg = Debug|x64
		{8F4803E7-F0FF-48A1-8DEA-17134568AA9C}.ATM16_Debug|x86.Build.0 = Debug|x64
		{8F4803E7-F0FF-48A1-8DEA-17134568AA9C}.ATM32_Debug|Any CPU.ActiveCfg = Debug|x64
		{8F4803E7-F0FF-48A1-8DEA-17134568AA9C}.ATM32_Debug|Any CPU.Build.0 = Debug|x64
		{8F4803E7-F0FF-48A1-8DEA-17134568AA9C}.ATM32_Debug|x64.ActiveCfg = Debug|x64
		{8F4803E7-F0FF-48A1-8DEA-17134568AA9C}.ATM32_Debug|x64.Build.0 = Debug|x64
		{8F4803E7-F0FF-48A1-8DEA-17134568AA9C}.ATM32_Debug|x86.ActiveCfg = Debug|x64
		{8F4803E7-F0FF-48A1-8DEA-17134568AA9C}.ATM32_Debug|x86.Build.0 = Debug|x64
		{8F4803E7-F0FF-48A1-8DEA-17134568AA9C}.Debug|Any CPU.ActiveCfg = Debug|x64
		{8F4803E7-F0FF-48A1-8DEA-17134568AA9C}.Debug|Any CPU.Build.0 = Debug|x64
		{8F4803E7-F0FF-48A1-8DEA-17134568AA9C}.Debug|x64.ActiveCfg = Debug|x64
		{8F4803E7-F0FF-48A1-8DEA-17134568AA9C}.Debug|x64.Build.0 = Debug|x64
		{8F4803E7-F0FF-48A1-8DEA-17134568AA9C}.Debug|x86.ActiveCfg = Debug|x64
		{8F4803E7-F0FF-48A1-8DEA-17134568AA9C}.Debug|x86.Build.0 = Debug|x64
		{8F4803E7-F0FF-48A1-8DEA-17134568AA9C}.Release|Any CPU.ActiveCfg = Release|x64
		{8F4803E7-F0FF-48A1-8DEA-17134568AA9C}.Release|Any CPU.Build.0 = Release|x64
		{8F4803E7-F0FF-48A1-8DEA-17134568AA9C}.Release|x64.ActiveCfg = Release|x64
		{8F4803E7-F0FF-48A1-8DEA-17134568AA9C}.Release|x64.Build.0 = Release|x64
		{8F4803E7-F0FF-48A1-8DEA-17134568AA9C}.Release|x86.ActiveCfg = Release|x64
		{8F4803E7-F0FF-48A1-8DEA-17134568AA9C}.Release|x86.Build.0 = Release|x64
		{D74E9A97-9429-4F37-B314-0C2C5A13E1AC}.ATM16_Debug|Any CPU.ActiveCfg = Release|Any CPU
		{D74E9A97-9429-4F37-B314-0C2C5A13E1AC}.ATM16_Debug|Any CPU.Build.0 = Release|Any CPU
		{D74E9A97-9429-4F37-B314-0C2C5A13E1AC}.ATM16_Debug|x64.ActiveCfg = Release|Any CPU
		{D74E9A97-9429-4F37-B314-0C2C5A13E1AC}.ATM16_Debug|x64.Build.0 = Release|Any CPU
		{D74E9A97-9429-4F37-B314-0C2C5A13E1AC}.ATM16_Debug|x86.ActiveCfg = Release|Any CPU
		{D74E9A97-9429-4F37-B314-0C2C5A13E1AC}.ATM16_Debug|x86.Build.0 = Release|Any CPU
		{D74E9A97-9429-4F37-B314-0C2C5A13E1AC}.ATM32_Debug|Any CPU.ActiveCfg = Release|Any CPU
		{D74E9A97-9429-4F37-B314-0C2C5A13E1AC}.ATM32_Debug|Any CPU.Build.0 = Release|Any CPU
		{D74E9A97-9429-4F37-B314-0C2C5A13E1AC}.ATM32_Debug|x64.ActiveCfg = Release|Any CPU
		{D74E9A97-9429-4F37-B314-0C2C5A13E1AC}.ATM32_Debug|x64.Build.0 = Release|Any CPU
		{D74E9A97-9429-4F37-B314-0C2C5A13E1AC}.ATM32_Debug|x86.ActiveCfg = Release|Any CPU
		{D74E9A97-9429-4F37-B314-0C2C5A13E1AC}.ATM32_Debug|x86.Build.0 = Release|Any CPU
		{D74E9A97-9429-4F37-B314-0C2C5A13E1AC}.Debug|Any CPU.ActiveCfg = Debug|Any CPU
		{D74E9A97-9429-4F37-B314-0C2C5A13E1AC}.Debug|Any CPU.Build.0 = Debug|Any CPU
		{D74E9A97-9429-4F37-B314-0C2C5A13E1AC}.Debug|x64.ActiveCfg = Debug|Any CPU
		{D74E9A97-9429-4F37-B314-0C2C5A13E1AC}.Debug|x64.Build.0 = Debug|Any CPU
		{D74E9A97-9429-4F37-B314-0C2C5A13E1AC}.Debug|x86.ActiveCfg = Debug|Any CPU
		{D74E9A97-9429-4F37-B314-0C2C5A13E1AC}.Debug|x86.Build.0 = Debug|Any CPU
		{D74E9A97-9429-4F37-B314-0C2C5A13E1AC}.Release|Any CPU.ActiveCfg = Release|Any CPU
		{D74E9A97-9429-4F37-B314-0C2C5A13E1AC}.Release|Any CPU.Build.0 = Release|Any CPU
		{D74E9A97-9429-4F37-B314-0C2C5A13E1AC}.Release|x64.ActiveCfg = Release|Any CPU
		{D74E9A97-9429-4F37-B314-0C2C5A13E1AC}.Release|x64.Build.0 = Release|Any CPU
		{D74E9A97-9429-4F37-B314-0C2C5A13E1AC}.Release|x86.ActiveCfg = Release|Any CPU
		{D74E9A97-9429-4F37-B314-0C2C5A13E1AC}.Release|x86.Build.0 = Release|Any CPU
		{81DF6425-DAF4-4DBA-AB50-1D476D1511EC}.ATM16_Debug|Any CPU.ActiveCfg = Release|Any CPU
		{81DF6425-DAF4-4DBA-AB50-1D476D1511EC}.ATM16_Debug|Any CPU.Build.0 = Release|Any CPU
		{81DF6425-DAF4-4DBA-AB50-1D476D1511EC}.ATM16_Debug|x64.ActiveCfg = Release|Any CPU
		{81DF6425-DAF4-4DBA-AB50-1D476D1511EC}.ATM16_Debug|x64.Build.0 = Release|Any CPU
		{81DF6425-DAF4-4DBA-AB50-1D476D1511EC}.ATM16_Debug|x86.ActiveCfg = Release|Any CPU
		{81DF6425-DAF4-4DBA-AB50-1D476D1511EC}.ATM16_Debug|x86.Build.0 = Release|Any CPU
		{81DF6425-DAF4-4DBA-AB50-1D476D1511EC}.ATM32_Debug|Any CPU.ActiveCfg = Release|Any CPU
		{81DF6425-DAF4-4DBA-AB50-1D476D1511EC}.ATM32_Debug|Any CPU.Build.0 = Release|Any CPU
		{81DF6425-DAF4-4DBA-AB50-1D476D1511EC}.ATM32_Debug|x64.ActiveCfg = Release|Any CPU
		{81DF6425-DAF4-4DBA-AB50-1D476D1511EC}.ATM32_Debug|x64.Build.0 = Release|Any CPU
		{81DF6425-DAF4-4DBA-AB50-1D476D1511EC}.ATM32_Debug|x86.ActiveCfg = Release|Any CPU
		{81DF6425-DAF4-4DBA-AB50-1D476D1511EC}.ATM32_Debug|x86.Build.0 = Release|Any CPU
		{81DF6425-DAF4-4DBA-AB50-1D476D1511EC}.Debug|Any CPU.ActiveCfg = Debug|Any CPU
		{81DF6425-DAF4-4DBA-AB50-1D476D1511EC}.Debug|Any CPU.Build.0 = Debug|Any CPU
		{81DF6425-DAF4-4DBA-AB50-1D476D1511EC}.Debug|x64.ActiveCfg = Debug|Any CPU
		{81DF6425-DAF4-4DBA-AB50-1D476D1511EC}.Debug|x64.Build.0 = Debug|Any CPU
		{81DF6425-DAF4-4DBA-AB50-1D476D1511EC}.Debug|x86.ActiveCfg = Debug|Any CPU
		{81DF6425-DAF4-4DBA-AB50-1D476D1511EC}.Debug|x86.Build.0 = Debug|Any CPU
		{81DF6425-DAF4-4DBA-AB50-1D476D1511EC}.Release|Any CPU.ActiveCfg = Release|Any CPU
		{81DF6425-DAF4-4DBA-AB50-1D476D1511EC}.Release|Any CPU.Build.0 = Release|Any CPU
		{81DF6425-DAF4-4DBA-AB50-1D476D1511EC}.Release|x64.ActiveCfg = Release|Any CPU
		{81DF6425-DAF4-4DBA-AB50-1D476D1511EC}.Release|x64.Build.0 = Release|Any CPU
		{81DF6425-DAF4-4DBA-AB50-1D476D1511EC}.Release|x86.ActiveCfg = Release|Any CPU
		{81DF6425-DAF4-4DBA-AB50-1D476D1511EC}.Release|x86.Build.0 = Release|Any CPU
		{A2FA9702-BF29-477C-BBA1-2A9F67AED06C}.ATM16_Debug|Any CPU.ActiveCfg = Debug|Any CPU
		{A2FA9702-BF29-477C-BBA1-2A9F67AED06C}.ATM16_Debug|Any CPU.Build.0 = Debug|Any CPU
		{A2FA9702-BF29-477C-BBA1-2A9F67AED06C}.ATM16_Debug|x64.ActiveCfg = Debug|Any CPU
		{A2FA9702-BF29-477C-BBA1-2A9F67AED06C}.ATM16_Debug|x64.Build.0 = Debug|Any CPU
		{A2FA9702-BF29-477C-BBA1-2A9F67AED06C}.ATM16_Debug|x86.ActiveCfg = Debug|Any CPU
		{A2FA9702-BF29-477C-BBA1-2A9F67AED06C}.ATM16_Debug|x86.Build.0 = Debug|Any CPU
		{A2FA9702-BF29-477C-BBA1-2A9F67AED06C}.ATM32_Debug|Any CPU.ActiveCfg = Debug|Any CPU
		{A2FA9702-BF29-477C-BBA1-2A9F67AED06C}.ATM32_Debug|Any CPU.Build.0 = Debug|Any CPU
		{A2FA9702-BF29-477C-BBA1-2A9F67AED06C}.ATM32_Debug|x64.ActiveCfg = Debug|Any CPU
		{A2FA9702-BF29-477C-BBA1-2A9F67AED06C}.ATM32_Debug|x64.Build.0 = Debug|Any CPU
		{A2FA9702-BF29-477C-BBA1-2A9F67AED06C}.ATM32_Debug|x86.ActiveCfg = Debug|Any CPU
		{A2FA9702-BF29-477C-BBA1-2A9F67AED06C}.ATM32_Debug|x86.Build.0 = Debug|Any CPU
		{A2FA9702-BF29-477C-BBA1-2A9F67AED06C}.Debug|Any CPU.ActiveCfg = Debug|Any CPU
		{A2FA9702-BF29-477C-BBA1-2A9F67AED06C}.Debug|Any CPU.Build.0 = Debug|Any CPU
		{A2FA9702-BF29-477C-BBA1-2A9F67AED06C}.Debug|x64.ActiveCfg = Debug|Any CPU
		{A2FA9702-BF29-477C-BBA1-2A9F67AED06C}.Debug|x64.Build.0 = Debug|Any CPU
		{A2FA9702-BF29-477C-BBA1-2A9F67AED06C}.Debug|x86.ActiveCfg = Debug|Any CPU
		{A2FA9702-BF29-477C-BBA1-2A9F67AED06C}.Debug|x86.Build.0 = Debug|Any CPU
		{A2FA9702-BF29-477C-BBA1-2A9F67AED06C}.Release|Any CPU.ActiveCfg = Release|Any CPU
		{A2FA9702-BF29-477C-BBA1-2A9F67AED06C}.Release|Any CPU.Build.0 = Release|Any CPU
		{A2FA9702-BF29-477C-BBA1-2A9F67AED06C}.Release|x64.ActiveCfg = Release|Any CPU
		{A2FA9702-BF29-477C-BBA1-2A9F67AED06C}.Release|x64.Build.0 = Release|Any CPU
		{A2FA9702-BF29-477C-BBA1-2A9F67AED06C}.Release|x86.ActiveCfg = Release|Any CPU
		{A2FA9702-BF29-477C-BBA1-2A9F67AED06C}.Release|x86.Build.0 = Release|Any CPU
		{6C7F3F9C-4EEE-49AB-AFEF-3819A00B6DBF}.ATM16_Debug|Any CPU.ActiveCfg = Release|Any CPU
		{6C7F3F9C-4EEE-49AB-AFEF-3819A00B6DBF}.ATM16_Debug|Any CPU.Build.0 = Release|Any CPU
		{6C7F3F9C-4EEE-49AB-AFEF-3819A00B6DBF}.ATM16_Debug|x64.ActiveCfg = Release|Any CPU
		{6C7F3F9C-4EEE-49AB-AFEF-3819A00B6DBF}.ATM16_Debug|x64.Build.0 = Release|Any CPU
		{6C7F3F9C-4EEE-49AB-AFEF-3819A00B6DBF}.ATM16_Debug|x86.ActiveCfg = Release|Any CPU
		{6C7F3F9C-4EEE-49AB-AFEF-3819A00B6DBF}.ATM16_Debug|x86.Build.0 = Release|Any CPU
		{6C7F3F9C-4EEE-49AB-AFEF-3819A00B6DBF}.ATM32_Debug|Any CPU.ActiveCfg = Release|Any CPU
		{6C7F3F9C-4EEE-49AB-AFEF-3819A00B6DBF}.ATM32_Debug|Any CPU.Build.0 = Release|Any CPU
		{6C7F3F9C-4EEE-49AB-AFEF-3819A00B6DBF}.ATM32_Debug|x64.ActiveCfg = Release|Any CPU
		{6C7F3F9C-4EEE-49AB-AFEF-3819A00B6DBF}.ATM32_Debug|x64.Build.0 = Release|Any CPU
		{6C7F3F9C-4EEE-49AB-AFEF-3819A00B6DBF}.ATM32_Debug|x86.ActiveCfg = Release|Any CPU
		{6C7F3F9C-4EEE-49AB-AFEF-3819A00B6DBF}.ATM32_Debug|x86.Build.0 = Release|Any CPU
		{6C7F3F9C-4EEE-49AB-AFEF-3819A00B6DBF}.Debug|Any CPU.ActiveCfg = Debug|Any CPU
		{6C7F3F9C-4EEE-49AB-AFEF-3819A00B6DBF}.Debug|Any CPU.Build.0 = Debug|Any CPU
		{6C7F3F9C-4EEE-49AB-AFEF-3819A00B6DBF}.Debug|x64.ActiveCfg = Debug|Any CPU
		{6C7F3F9C-4EEE-49AB-AFEF-3819A00B6DBF}.Debug|x64.Build.0 = Debug|Any CPU
		{6C7F3F9C-4EEE-49AB-AFEF-3819A00B6DBF}.Debug|x86.ActiveCfg = Debug|Any CPU
		{6C7F3F9C-4EEE-49AB-AFEF-3819A00B6DBF}.Debug|x86.Build.0 = Debug|Any CPU
		{6C7F3F9C-4EEE-49AB-AFEF-3819A00B6DBF}.Release|Any CPU.ActiveCfg = Release|Any CPU
		{6C7F3F9C-4EEE-49AB-AFEF-3819A00B6DBF}.Release|Any CPU.Build.0 = Release|Any CPU
		{6C7F3F9C-4EEE-49AB-AFEF-3819A00B6DBF}.Release|x64.ActiveCfg = Release|Any CPU
		{6C7F3F9C-4EEE-49AB-AFEF-3819A00B6DBF}.Release|x64.Build.0 = Release|Any CPU
		{6C7F3F9C-4EEE-49AB-AFEF-3819A00B6DBF}.Release|x86.ActiveCfg = Release|Any CPU
		{6C7F3F9C-4EEE-49AB-AFEF-3819A00B6DBF}.Release|x86.Build.0 = Release|Any CPU
		{1874396D-2F90-4FF0-B31B-F95E73772812}.ATM16_Debug|Any CPU.ActiveCfg = Release|Any CPU
		{1874396D-2F90-4FF0-B31B-F95E73772812}.ATM16_Debug|Any CPU.Build.0 = Release|Any CPU
		{1874396D-2F90-4FF0-B31B-F95E73772812}.ATM16_Debug|x64.ActiveCfg = Release|Any CPU
		{1874396D-2F90-4FF0-B31B-F95E73772812}.ATM16_Debug|x64.Build.0 = Release|Any CPU
		{1874396D-2F90-4FF0-B31B-F95E73772812}.ATM16_Debug|x86.ActiveCfg = Release|Any CPU
		{1874396D-2F90-4FF0-B31B-F95E73772812}.ATM16_Debug|x86.Build.0 = Release|Any CPU
		{1874396D-2F90-4FF0-B31B-F95E73772812}.ATM32_Debug|Any CPU.ActiveCfg = Release|Any CPU
		{1874396D-2F90-4FF0-B31B-F95E73772812}.ATM32_Debug|Any CPU.Build.0 = Release|Any CPU
		{1874396D-2F90-4FF0-B31B-F95E73772812}.ATM32_Debug|x64.ActiveCfg = Release|Any CPU
		{1874396D-2F90-4FF0-B31B-F95E73772812}.ATM32_Debug|x64.Build.0 = Release|Any CPU
		{1874396D-2F90-4FF0-B31B-F95E73772812}.ATM32_Debug|x86.ActiveCfg = Release|Any CPU
		{1874396D-2F90-4FF0-B31B-F95E73772812}.ATM32_Debug|x86.Build.0 = Release|Any CPU
		{1874396D-2F90-4FF0-B31B-F95E73772812}.Debug|Any CPU.ActiveCfg = Debug|Any CPU
		{1874396D-2F90-4FF0-B31B-F95E73772812}.Debug|Any CPU.Build.0 = Debug|Any CPU
		{1874396D-2F90-4FF0-B31B-F95E73772812}.Debug|x64.ActiveCfg = Debug|Any CPU
		{1874396D-2F90-4FF0-B31B-F95E73772812}.Debug|x64.Build.0 = Debug|Any CPU
		{1874396D-2F90-4FF0-B31B-F95E73772812}.Debug|x86.ActiveCfg = Debug|Any CPU
		{1874396D-2F90-4FF0-B31B-F95E73772812}.Debug|x86.Build.0 = Debug|Any CPU
		{1874396D-2F90-4FF0-B31B-F95E73772812}.Release|Any CPU.ActiveCfg = Release|Any CPU
		{1874396D-2F90-4FF0-B31B-F95E73772812}.Release|Any CPU.Build.0 = Release|Any CPU
		{1874396D-2F90-4FF0-B31B-F95E73772812}.Release|x64.ActiveCfg = Release|Any CPU
		{1874396D-2F90-4FF0-B31B-F95E73772812}.Release|x64.Build.0 = Release|Any CPU
		{1874396D-2F90-4FF0-B31B-F95E73772812}.Release|x86.ActiveCfg = Release|Any CPU
		{1874396D-2F90-4FF0-B31B-F95E73772812}.Release|x86.Build.0 = Release|Any CPU
		{CFFBA15A-50AE-4E8E-9B91-794DF74DDD96}.ATM16_Debug|Any CPU.ActiveCfg = Release|Any CPU
		{CFFBA15A-50AE-4E8E-9B91-794DF74DDD96}.ATM16_Debug|Any CPU.Build.0 = Release|Any CPU
		{CFFBA15A-50AE-4E8E-9B91-794DF74DDD96}.ATM16_Debug|x64.ActiveCfg = Release|Any CPU
		{CFFBA15A-50AE-4E8E-9B91-794DF74DDD96}.ATM16_Debug|x64.Build.0 = Release|Any CPU
		{CFFBA15A-50AE-4E8E-9B91-794DF74DDD96}.ATM16_Debug|x86.ActiveCfg = Release|Any CPU
		{CFFBA15A-50AE-4E8E-9B91-794DF74DDD96}.ATM16_Debug|x86.Build.0 = Release|Any CPU
		{CFFBA15A-50AE-4E8E-9B91-794DF74DDD96}.ATM32_Debug|Any CPU.ActiveCfg = Release|Any CPU
		{CFFBA15A-50AE-4E8E-9B91-794DF74DDD96}.ATM32_Debug|Any CPU.Build.0 = Release|Any CPU
		{CFFBA15A-50AE-4E8E-9B91-794DF74DDD96}.ATM32_Debug|x64.ActiveCfg = Release|Any CPU
		{CFFBA15A-50AE-4E8E-9B91-794DF74DDD96}.ATM32_Debug|x64.Build.0 = Release|Any CPU
		{CFFBA15A-50AE-4E8E-9B91-794DF74DDD96}.ATM32_Debug|x86.ActiveCfg = Release|Any CPU
		{CFFBA15A-50AE-4E8E-9B91-794DF74DDD96}.ATM32_Debug|x86.Build.0 = Release|Any CPU
		{CFFBA15A-50AE-4E8E-9B91-794DF74DDD96}.Debug|Any CPU.ActiveCfg = Debug|Any CPU
		{CFFBA15A-50AE-4E8E-9B91-794DF74DDD96}.Debug|Any CPU.Build.0 = Debug|Any CPU
		{CFFBA15A-50AE-4E8E-9B91-794DF74DDD96}.Debug|x64.ActiveCfg = Debug|Any CPU
		{CFFBA15A-50AE-4E8E-9B91-794DF74DDD96}.Debug|x64.Build.0 = Debug|Any CPU
		{CFFBA15A-50AE-4E8E-9B91-794DF74DDD96}.Debug|x86.ActiveCfg = Debug|Any CPU
		{CFFBA15A-50AE-4E8E-9B91-794DF74DDD96}.Debug|x86.Build.0 = Debug|Any CPU
		{CFFBA15A-50AE-4E8E-9B91-794DF74DDD96}.Release|Any CPU.ActiveCfg = Release|Any CPU
		{CFFBA15A-50AE-4E8E-9B91-794DF74DDD96}.Release|Any CPU.Build.0 = Release|Any CPU
		{CFFBA15A-50AE-4E8E-9B91-794DF74DDD96}.Release|x64.ActiveCfg = Release|Any CPU
		{CFFBA15A-50AE-4E8E-9B91-794DF74DDD96}.Release|x64.Build.0 = Release|Any CPU
		{CFFBA15A-50AE-4E8E-9B91-794DF74DDD96}.Release|x86.ActiveCfg = Release|Any CPU
		{CFFBA15A-50AE-4E8E-9B91-794DF74DDD96}.Release|x86.Build.0 = Release|Any CPU
		{A929D611-0598-4D68-B58A-6D32DF7EACDB}.ATM16_Debug|Any CPU.ActiveCfg = Release|Any CPU
		{A929D611-0598-4D68-B58A-6D32DF7EACDB}.ATM16_Debug|Any CPU.Build.0 = Release|Any CPU
		{A929D611-0598-4D68-B58A-6D32DF7EACDB}.ATM16_Debug|x64.ActiveCfg = Release|Any CPU
		{A929D611-0598-4D68-B58A-6D32DF7EACDB}.ATM16_Debug|x64.Build.0 = Release|Any CPU
		{A929D611-0598-4D68-B58A-6D32DF7EACDB}.ATM16_Debug|x86.ActiveCfg = Release|Any CPU
		{A929D611-0598-4D68-B58A-6D32DF7EACDB}.ATM16_Debug|x86.Build.0 = Release|Any CPU
		{A929D611-0598-4D68-B58A-6D32DF7EACDB}.ATM32_Debug|Any CPU.ActiveCfg = Release|Any CPU
		{A929D611-0598-4D68-B58A-6D32DF7EACDB}.ATM32_Debug|Any CPU.Build.0 = Release|Any CPU
		{A929D611-0598-4D68-B58A-6D32DF7EACDB}.ATM32_Debug|x64.ActiveCfg = Release|Any CPU
		{A929D611-0598-4D68-B58A-6D32DF7EACDB}.ATM32_Debug|x64.Build.0 = Release|Any CPU
		{A929D611-0598-4D68-B58A-6D32DF7EACDB}.ATM32_Debug|x86.ActiveCfg = Release|Any CPU
		{A929D611-0598-4D68-B58A-6D32DF7EACDB}.ATM32_Debug|x86.Build.0 = Release|Any CPU
		{A929D611-0598-4D68-B58A-6D32DF7EACDB}.Debug|Any CPU.ActiveCfg = Debug|Any CPU
		{A929D611-0598-4D68-B58A-6D32DF7EACDB}.Debug|Any CPU.Build.0 = Debug|Any CPU
		{A929D611-0598-4D68-B58A-6D32DF7EACDB}.Debug|x64.ActiveCfg = Debug|Any CPU
		{A929D611-0598-4D68-B58A-6D32DF7EACDB}.Debug|x64.Build.0 = Debug|Any CPU
		{A929D611-0598-4D68-B58A-6D32DF7EACDB}.Debug|x86.ActiveCfg = Debug|Any CPU
		{A929D611-0598-4D68-B58A-6D32DF7EACDB}.Debug|x86.Build.0 = Debug|Any CPU
		{A929D611-0598-4D68-B58A-6D32DF7EACDB}.Release|Any CPU.ActiveCfg = Release|Any CPU
		{A929D611-0598-4D68-B58A-6D32DF7EACDB}.Release|Any CPU.Build.0 = Release|Any CPU
		{A929D611-0598-4D68-B58A-6D32DF7EACDB}.Release|x64.ActiveCfg = Release|Any CPU
		{A929D611-0598-4D68-B58A-6D32DF7EACDB}.Release|x64.Build.0 = Release|Any CPU
		{A929D611-0598-4D68-B58A-6D32DF7EACDB}.Release|x86.ActiveCfg = Release|Any CPU
		{A929D611-0598-4D68-B58A-6D32DF7EACDB}.Release|x86.Build.0 = Release|Any CPU
		{0A83E1B0-E070-9F99-FF67-C1B90F446AE7}.ATM16_Debug|Any CPU.ActiveCfg = Release|Any CPU
		{0A83E1B0-E070-9F99-FF67-C1B90F446AE7}.ATM16_Debug|Any CPU.Build.0 = Release|Any CPU
		{0A83E1B0-E070-9F99-FF67-C1B90F446AE7}.ATM16_Debug|x64.ActiveCfg = Release|Any CPU
		{0A83E1B0-E070-9F99-FF67-C1B90F446AE7}.ATM16_Debug|x64.Build.0 = Release|Any CPU
		{0A83E1B0-E070-9F99-FF67-C1B90F446AE7}.ATM16_Debug|x86.ActiveCfg = Release|Any CPU
		{0A83E1B0-E070-9F99-FF67-C1B90F446AE7}.ATM16_Debug|x86.Build.0 = Release|Any CPU
		{0A83E1B0-E070-9F99-FF67-C1B90F446AE7}.ATM32_Debug|Any CPU.ActiveCfg = Release|Any CPU
		{0A83E1B0-E070-9F99-FF67-C1B90F446AE7}.ATM32_Debug|Any CPU.Build.0 = Release|Any CPU
		{0A83E1B0-E070-9F99-FF67-C1B90F446AE7}.ATM32_Debug|x64.ActiveCfg = Release|Any CPU
		{0A83E1B0-E070-9F99-FF67-C1B90F446AE7}.ATM32_Debug|x64.Build.0 = Release|Any CPU
		{0A83E1B0-E070-9F99-FF67-C1B90F446AE7}.ATM32_Debug|x86.ActiveCfg = Release|Any CPU
		{0A83E1B0-E070-9F99-FF67-C1B90F446AE7}.ATM32_Debug|x86.Build.0 = Release|Any CPU
		{0A83E1B0-E070-9F99-FF67-C1B90F446AE7}.Debug|Any CPU.ActiveCfg = Debug|Any CPU
		{0A83E1B0-E070-9F99-FF67-C1B90F446AE7}.Debug|Any CPU.Build.0 = Debug|Any CPU
		{0A83E1B0-E070-9F99-FF67-C1B90F446AE7}.Debug|x64.ActiveCfg = Debug|Any CPU
		{0A83E1B0-E070-9F99-FF67-C1B90F446AE7}.Debug|x64.Build.0 = Debug|Any CPU
		{0A83E1B0-E070-9F99-FF67-C1B90F446AE7}.Debug|x86.ActiveCfg = Debug|Any CPU
		{0A83E1B0-E070-9F99-FF67-C1B90F446AE7}.Debug|x86.Build.0 = Debug|Any CPU
		{0A83E1B0-E070-9F99-FF67-C1B90F446AE7}.Release|Any CPU.ActiveCfg = Release|Any CPU
		{0A83E1B0-E070-9F99-FF67-C1B90F446AE7}.Release|Any CPU.Build.0 = Release|Any CPU
		{0A83E1B0-E070-9F99-FF67-C1B90F446AE7}.Release|x64.ActiveCfg = Release|Any CPU
		{0A83E1B0-E070-9F99-FF67-C1B90F446AE7}.Release|x64.Build.0 = Release|Any CPU
		{0A83E1B0-E070-9F99-FF67-C1B90F446AE7}.Release|x86.ActiveCfg = Release|Any CPU
		{0A83E1B0-E070-9F99-FF67-C1B90F446AE7}.Release|x86.Build.0 = Release|Any CPU
		{E888E34A-D80C-739C-9898-59E84AC8A473}.ATM16_Debug|Any CPU.ActiveCfg = Release|Any CPU
		{E888E34A-D80C-739C-9898-59E84AC8A473}.ATM16_Debug|Any CPU.Build.0 = Release|Any CPU
		{E888E34A-D80C-739C-9898-59E84AC8A473}.ATM16_Debug|x64.ActiveCfg = Release|Any CPU
		{E888E34A-D80C-739C-9898-59E84AC8A473}.ATM16_Debug|x64.Build.0 = Release|Any CPU
		{E888E34A-D80C-739C-9898-59E84AC8A473}.ATM16_Debug|x86.ActiveCfg = Release|Any CPU
		{E888E34A-D80C-739C-9898-59E84AC8A473}.ATM16_Debug|x86.Build.0 = Release|Any CPU
		{E888E34A-D80C-739C-9898-59E84AC8A473}.ATM32_Debug|Any CPU.ActiveCfg = Release|Any CPU
		{E888E34A-D80C-739C-9898-59E84AC8A473}.ATM32_Debug|Any CPU.Build.0 = Release|Any CPU
		{E888E34A-D80C-739C-9898-59E84AC8A473}.ATM32_Debug|x64.ActiveCfg = Release|Any CPU
		{E888E34A-D80C-739C-9898-59E84AC8A473}.ATM32_Debug|x64.Build.0 = Release|Any CPU
		{E888E34A-D80C-739C-9898-59E84AC8A473}.ATM32_Debug|x86.ActiveCfg = Release|Any CPU
		{E888E34A-D80C-739C-9898-59E84AC8A473}.ATM32_Debug|x86.Build.0 = Release|Any CPU
		{E888E34A-D80C-739C-9898-59E84AC8A473}.Debug|Any CPU.ActiveCfg = Debug|Any CPU
		{E888E34A-D80C-739C-9898-59E84AC8A473}.Debug|Any CPU.Build.0 = Debug|Any CPU
		{E888E34A-D80C-739C-9898-59E84AC8A473}.Debug|x64.ActiveCfg = Debug|Any CPU
		{E888E34A-D80C-739C-9898-59E84AC8A473}.Debug|x64.Build.0 = Debug|Any CPU
		{E888E34A-D80C-739C-9898-59E84AC8A473}.Debug|x86.ActiveCfg = Debug|Any CPU
		{E888E34A-D80C-739C-9898-59E84AC8A473}.Debug|x86.Build.0 = Debug|Any CPU
		{E888E34A-D80C-739C-9898-59E84AC8A473}.Release|Any CPU.ActiveCfg = Release|Any CPU
		{E888E34A-D80C-739C-9898-59E84AC8A473}.Release|Any CPU.Build.0 = Release|Any CPU
		{E888E34A-D80C-739C-9898-59E84AC8A473}.Release|x64.ActiveCfg = Release|Any CPU
		{E888E34A-D80C-739C-9898-59E84AC8A473}.Release|x64.Build.0 = Release|Any CPU
		{E888E34A-D80C-739C-9898-59E84AC8A473}.Release|x86.ActiveCfg = Release|Any CPU
		{E888E34A-D80C-739C-9898-59E84AC8A473}.Release|x86.Build.0 = Release|Any CPU
		{DC274153-CAAA-0B37-6E19-75D56EBF4160}.ATM16_Debug|Any CPU.ActiveCfg = Release|Any CPU
		{DC274153-CAAA-0B37-6E19-75D56EBF4160}.ATM16_Debug|Any CPU.Build.0 = Release|Any CPU
		{DC274153-CAAA-0B37-6E19-75D56EBF4160}.ATM16_Debug|x64.ActiveCfg = Release|Any CPU
		{DC274153-CAAA-0B37-6E19-75D56EBF4160}.ATM16_Debug|x64.Build.0 = Release|Any CPU
		{DC274153-CAAA-0B37-6E19-75D56EBF4160}.ATM16_Debug|x86.ActiveCfg = Release|Any CPU
		{DC274153-CAAA-0B37-6E19-75D56EBF4160}.ATM16_Debug|x86.Build.0 = Release|Any CPU
		{DC274153-CAAA-0B37-6E19-75D56EBF4160}.ATM32_Debug|Any CPU.ActiveCfg = Release|Any CPU
		{DC274153-CAAA-0B37-6E19-75D56EBF4160}.ATM32_Debug|Any CPU.Build.0 = Release|Any CPU
		{DC274153-CAAA-0B37-6E19-75D56EBF4160}.ATM32_Debug|x64.ActiveCfg = Release|Any CPU
		{DC274153-CAAA-0B37-6E19-75D56EBF4160}.ATM32_Debug|x64.Build.0 = Release|Any CPU
		{DC274153-CAAA-0B37-6E19-75D56EBF4160}.ATM32_Debug|x86.ActiveCfg = Release|Any CPU
		{DC274153-CAAA-0B37-6E19-75D56EBF4160}.ATM32_Debug|x86.Build.0 = Release|Any CPU
		{DC274153-CAAA-0B37-6E19-75D56EBF4160}.Debug|Any CPU.ActiveCfg = Debug|Any CPU
		{DC274153-CAAA-0B37-6E19-75D56EBF4160}.Debug|Any CPU.Build.0 = Debug|Any CPU
		{DC274153-CAAA-0B37-6E19-75D56EBF4160}.Debug|x64.ActiveCfg = Debug|Any CPU
		{DC274153-CAAA-0B37-6E19-75D56EBF4160}.Debug|x64.Build.0 = Debug|Any CPU
		{DC274153-CAAA-0B37-6E19-75D56EBF4160}.Debug|x86.ActiveCfg = Debug|Any CPU
		{DC274153-CAAA-0B37-6E19-75D56EBF4160}.Debug|x86.Build.0 = Debug|Any CPU
		{DC274153-CAAA-0B37-6E19-75D56EBF4160}.Release|Any CPU.ActiveCfg = Release|Any CPU
		{DC274153-CAAA-0B37-6E19-75D56EBF4160}.Release|Any CPU.Build.0 = Release|Any CPU
		{DC274153-CAAA-0B37-6E19-75D56EBF4160}.Release|x64.ActiveCfg = Release|Any CPU
		{DC274153-CAAA-0B37-6E19-75D56EBF4160}.Release|x64.Build.0 = Release|Any CPU
		{DC274153-CAAA-0B37-6E19-75D56EBF4160}.Release|x86.ActiveCfg = Release|Any CPU
		{DC274153-CAAA-0B37-6E19-75D56EBF4160}.Release|x86.Build.0 = Release|Any CPU
		{0E28687E-E5C5-4F86-AAFA-BE8D5634A650}.ATM16_Debug|Any CPU.ActiveCfg = Release|Any CPU
		{0E28687E-E5C5-4F86-AAFA-BE8D5634A650}.ATM16_Debug|Any CPU.Build.0 = Release|Any CPU
		{0E28687E-E5C5-4F86-AAFA-BE8D5634A650}.ATM16_Debug|x64.ActiveCfg = Release|Any CPU
		{0E28687E-E5C5-4F86-AAFA-BE8D5634A650}.ATM16_Debug|x64.Build.0 = Release|Any CPU
		{0E28687E-E5C5-4F86-AAFA-BE8D5634A650}.ATM16_Debug|x86.ActiveCfg = Release|Any CPU
		{0E28687E-E5C5-4F86-AAFA-BE8D5634A650}.ATM16_Debug|x86.Build.0 = Release|Any CPU
		{0E28687E-E5C5-4F86-AAFA-BE8D5634A650}.ATM32_Debug|Any CPU.ActiveCfg = Release|Any CPU
		{0E28687E-E5C5-4F86-AAFA-BE8D5634A650}.ATM32_Debug|Any CPU.Build.0 = Release|Any CPU
		{0E28687E-E5C5-4F86-AAFA-BE8D5634A650}.ATM32_Debug|x64.ActiveCfg = Release|Any CPU
		{0E28687E-E5C5-4F86-AAFA-BE8D5634A650}.ATM32_Debug|x64.Build.0 = Release|Any CPU
		{0E28687E-E5C5-4F86-AAFA-BE8D5634A650}.ATM32_Debug|x86.ActiveCfg = Release|Any CPU
		{0E28687E-E5C5-4F86-AAFA-BE8D5634A650}.ATM32_Debug|x86.Build.0 = Release|Any CPU
		{0E28687E-E5C5-4F86-AAFA-BE8D5634A650}.Debug|Any CPU.ActiveCfg = Debug|Any CPU
		{0E28687E-E5C5-4F86-AAFA-BE8D5634A650}.Debug|Any CPU.Build.0 = Debug|Any CPU
		{0E28687E-E5C5-4F86-AAFA-BE8D5634A650}.Debug|x64.ActiveCfg = Debug|Any CPU
		{0E28687E-E5C5-4F86-AAFA-BE8D5634A650}.Debug|x64.Build.0 = Debug|Any CPU
		{0E28687E-E5C5-4F86-AAFA-BE8D5634A650}.Debug|x86.ActiveCfg = Debug|Any CPU
		{0E28687E-E5C5-4F86-AAFA-BE8D5634A650}.Debug|x86.Build.0 = Debug|Any CPU
		{0E28687E-E5C5-4F86-AAFA-BE8D5634A650}.Release|Any CPU.ActiveCfg = Release|Any CPU
		{0E28687E-E5C5-4F86-AAFA-BE8D5634A650}.Release|Any CPU.Build.0 = Release|Any CPU
		{0E28687E-E5C5-4F86-AAFA-BE8D5634A650}.Release|x64.ActiveCfg = Release|Any CPU
		{0E28687E-E5C5-4F86-AAFA-BE8D5634A650}.Release|x64.Build.0 = Release|Any CPU
		{0E28687E-E5C5-4F86-AAFA-BE8D5634A650}.Release|x86.ActiveCfg = Release|Any CPU
		{0E28687E-E5C5-4F86-AAFA-BE8D5634A650}.Release|x86.Build.0 = Release|Any CPU
		{95FACBD3-9C23-4813-B5AD-23CF4ED748C7}.ATM16_Debug|Any CPU.ActiveCfg = Release|Any CPU
		{95FACBD3-9C23-4813-B5AD-23CF4ED748C7}.ATM16_Debug|Any CPU.Build.0 = Release|Any CPU
		{95FACBD3-9C23-4813-B5AD-23CF4ED748C7}.ATM16_Debug|x64.ActiveCfg = Release|Any CPU
		{95FACBD3-9C23-4813-B5AD-23CF4ED748C7}.ATM16_Debug|x64.Build.0 = Release|Any CPU
		{95FACBD3-9C23-4813-B5AD-23CF4ED748C7}.ATM16_Debug|x86.ActiveCfg = Release|Any CPU
		{95FACBD3-9C23-4813-B5AD-23CF4ED748C7}.ATM16_Debug|x86.Build.0 = Release|Any CPU
		{95FACBD3-9C23-4813-B5AD-23CF4ED748C7}.ATM32_Debug|Any CPU.ActiveCfg = Release|Any CPU
		{95FACBD3-9C23-4813-B5AD-23CF4ED748C7}.ATM32_Debug|Any CPU.Build.0 = Release|Any CPU
		{95FACBD3-9C23-4813-B5AD-23CF4ED748C7}.ATM32_Debug|x64.ActiveCfg = Release|Any CPU
		{95FACBD3-9C23-4813-B5AD-23CF4ED748C7}.ATM32_Debug|x64.Build.0 = Release|Any CPU
		{95FACBD3-9C23-4813-B5AD-23CF4ED748C7}.ATM32_Debug|x86.ActiveCfg = Release|Any CPU
		{95FACBD3-9C23-4813-B5AD-23CF4ED748C7}.ATM32_Debug|x86.Build.0 = Release|Any CPU
		{95FACBD3-9C23-4813-B5AD-23CF4ED748C7}.Debug|Any CPU.ActiveCfg = Debug|Any CPU
		{95FACBD3-9C23-4813-B5AD-23CF4ED748C7}.Debug|Any CPU.Build.0 = Debug|Any CPU
		{95FACBD3-9C23-4813-B5AD-23CF4ED748C7}.Debug|x64.ActiveCfg = Debug|Any CPU
		{95FACBD3-9C23-4813-B5AD-23CF4ED748C7}.Debug|x64.Build.0 = Debug|Any CPU
		{95FACBD3-9C23-4813-B5AD-23CF4ED748C7}.Debug|x86.ActiveCfg = Debug|Any CPU
		{95FACBD3-9C23-4813-B5AD-23CF4ED748C7}.Debug|x86.Build.0 = Debug|Any CPU
		{95FACBD3-9C23-4813-B5AD-23CF4ED748C7}.Release|Any CPU.ActiveCfg = Release|Any CPU
		{95FACBD3-9C23-4813-B5AD-23CF4ED748C7}.Release|Any CPU.Build.0 = Release|Any CPU
		{95FACBD3-9C23-4813-B5AD-23CF4ED748C7}.Release|x64.ActiveCfg = Release|Any CPU
		{95FACBD3-9C23-4813-B5AD-23CF4ED748C7}.Release|x64.Build.0 = Release|Any CPU
		{95FACBD3-9C23-4813-B5AD-23CF4ED748C7}.Release|x86.ActiveCfg = Release|Any CPU
		{95FACBD3-9C23-4813-B5AD-23CF4ED748C7}.Release|x86.Build.0 = Release|Any CPU
		{2820A2A4-5258-F2BF-AA5F-E179535CCDC3}.ATM16_Debug|Any CPU.ActiveCfg = Release|Any CPU
		{2820A2A4-5258-F2BF-AA5F-E179535CCDC3}.ATM16_Debug|Any CPU.Build.0 = Release|Any CPU
		{2820A2A4-5258-F2BF-AA5F-E179535CCDC3}.ATM16_Debug|x64.ActiveCfg = Release|Any CPU
		{2820A2A4-5258-F2BF-AA5F-E179535CCDC3}.ATM16_Debug|x64.Build.0 = Release|Any CPU
		{2820A2A4-5258-F2BF-AA5F-E179535CCDC3}.ATM16_Debug|x86.ActiveCfg = Release|Any CPU
		{2820A2A4-5258-F2BF-AA5F-E179535CCDC3}.ATM16_Debug|x86.Build.0 = Release|Any CPU
		{2820A2A4-5258-F2BF-AA5F-E179535CCDC3}.ATM32_Debug|Any CPU.ActiveCfg = Release|Any CPU
		{2820A2A4-5258-F2BF-AA5F-E179535CCDC3}.ATM32_Debug|Any CPU.Build.0 = Release|Any CPU
		{2820A2A4-5258-F2BF-AA5F-E179535CCDC3}.ATM32_Debug|x64.ActiveCfg = Release|Any CPU
		{2820A2A4-5258-F2BF-AA5F-E179535CCDC3}.ATM32_Debug|x64.Build.0 = Release|Any CPU
		{2820A2A4-5258-F2BF-AA5F-E179535CCDC3}.ATM32_Debug|x86.ActiveCfg = Release|Any CPU
		{2820A2A4-5258-F2BF-AA5F-E179535CCDC3}.ATM32_Debug|x86.Build.0 = Release|Any CPU
		{2820A2A4-5258-F2BF-AA5F-E179535CCDC3}.Debug|Any CPU.ActiveCfg = Debug|Any CPU
		{2820A2A4-5258-F2BF-AA5F-E179535CCDC3}.Debug|Any CPU.Build.0 = Debug|Any CPU
		{2820A2A4-5258-F2BF-AA5F-E179535CCDC3}.Debug|x64.ActiveCfg = Debug|Any CPU
		{2820A2A4-5258-F2BF-AA5F-E179535CCDC3}.Debug|x64.Build.0 = Debug|Any CPU
		{2820A2A4-5258-F2BF-AA5F-E179535CCDC3}.Debug|x86.ActiveCfg = Debug|Any CPU
		{2820A2A4-5258-F2BF-AA5F-E179535CCDC3}.Debug|x86.Build.0 = Debug|Any CPU
		{2820A2A4-5258-F2BF-AA5F-E179535CCDC3}.Release|Any CPU.ActiveCfg = Release|Any CPU
		{2820A2A4-5258-F2BF-AA5F-E179535CCDC3}.Release|Any CPU.Build.0 = Release|Any CPU
		{2820A2A4-5258-F2BF-AA5F-E179535CCDC3}.Release|x64.ActiveCfg = Release|Any CPU
		{2820A2A4-5258-F2BF-AA5F-E179535CCDC3}.Release|x64.Build.0 = Release|Any CPU
		{2820A2A4-5258-F2BF-AA5F-E179535CCDC3}.Release|x86.ActiveCfg = Release|Any CPU
		{2820A2A4-5258-F2BF-AA5F-E179535CCDC3}.Release|x86.Build.0 = Release|Any CPU
		{47206EC7-8432-484A-8F39-4C85899AA0EB}.ATM16_Debug|Any CPU.ActiveCfg = Release|Any CPU
		{47206EC7-8432-484A-8F39-4C85899AA0EB}.ATM16_Debug|Any CPU.Build.0 = Release|Any CPU
		{47206EC7-8432-484A-8F39-4C85899AA0EB}.ATM16_Debug|x64.ActiveCfg = Release|Any CPU
		{47206EC7-8432-484A-8F39-4C85899AA0EB}.ATM16_Debug|x64.Build.0 = Release|Any CPU
		{47206EC7-8432-484A-8F39-4C85899AA0EB}.ATM16_Debug|x86.ActiveCfg = Release|Any CPU
		{47206EC7-8432-484A-8F39-4C85899AA0EB}.ATM16_Debug|x86.Build.0 = Release|Any CPU
		{47206EC7-8432-484A-8F39-4C85899AA0EB}.ATM32_Debug|Any CPU.ActiveCfg = Release|Any CPU
		{47206EC7-8432-484A-8F39-4C85899AA0EB}.ATM32_Debug|Any CPU.Build.0 = Release|Any CPU
		{47206EC7-8432-484A-8F39-4C85899AA0EB}.ATM32_Debug|x64.ActiveCfg = Release|Any CPU
		{47206EC7-8432-484A-8F39-4C85899AA0EB}.ATM32_Debug|x64.Build.0 = Release|Any CPU
		{47206EC7-8432-484A-8F39-4C85899AA0EB}.ATM32_Debug|x86.ActiveCfg = Release|Any CPU
		{47206EC7-8432-484A-8F39-4C85899AA0EB}.ATM32_Debug|x86.Build.0 = Release|Any CPU
		{47206EC7-8432-484A-8F39-4C85899AA0EB}.Debug|Any CPU.ActiveCfg = Debug|Any CPU
		{47206EC7-8432-484A-8F39-4C85899AA0EB}.Debug|Any CPU.Build.0 = Debug|Any CPU
		{47206EC7-8432-484A-8F39-4C85899AA0EB}.Debug|x64.ActiveCfg = Debug|Any CPU
		{47206EC7-8432-484A-8F39-4C85899AA0EB}.Debug|x64.Build.0 = Debug|Any CPU
		{47206EC7-8432-484A-8F39-4C85899AA0EB}.Debug|x86.ActiveCfg = Debug|Any CPU
		{47206EC7-8432-484A-8F39-4C85899AA0EB}.Debug|x86.Build.0 = Debug|Any CPU
		{47206EC7-8432-484A-8F39-4C85899AA0EB}.Release|Any CPU.ActiveCfg = Release|Any CPU
		{47206EC7-8432-484A-8F39-4C85899AA0EB}.Release|Any CPU.Build.0 = Release|Any CPU
		{47206EC7-8432-484A-8F39-4C85899AA0EB}.Release|x64.ActiveCfg = Release|Any CPU
		{47206EC7-8432-484A-8F39-4C85899AA0EB}.Release|x64.Build.0 = Release|Any CPU
		{47206EC7-8432-484A-8F39-4C85899AA0EB}.Release|x86.ActiveCfg = Release|Any CPU
		{47206EC7-8432-484A-8F39-4C85899AA0EB}.Release|x86.Build.0 = Release|Any CPU
		{72BF0877-6A8E-571D-D466-818B88C19423}.ATM16_Debug|Any CPU.ActiveCfg = Release|Any CPU
		{72BF0877-6A8E-571D-D466-818B88C19423}.ATM16_Debug|Any CPU.Build.0 = Release|Any CPU
		{72BF0877-6A8E-571D-D466-818B88C19423}.ATM16_Debug|x64.ActiveCfg = Release|Any CPU
		{72BF0877-6A8E-571D-D466-818B88C19423}.ATM16_Debug|x64.Build.0 = Release|Any CPU
		{72BF0877-6A8E-571D-D466-818B88C19423}.ATM16_Debug|x86.ActiveCfg = Release|Any CPU
		{72BF0877-6A8E-571D-D466-818B88C19423}.ATM16_Debug|x86.Build.0 = Release|Any CPU
		{72BF0877-6A8E-571D-D466-818B88C19423}.ATM32_Debug|Any CPU.ActiveCfg = Release|Any CPU
		{72BF0877-6A8E-571D-D466-818B88C19423}.ATM32_Debug|Any CPU.Build.0 = Release|Any CPU
		{72BF0877-6A8E-571D-D466-818B88C19423}.ATM32_Debug|x64.ActiveCfg = Release|Any CPU
		{72BF0877-6A8E-571D-D466-818B88C19423}.ATM32_Debug|x64.Build.0 = Release|Any CPU
		{72BF0877-6A8E-571D-D466-818B88C19423}.ATM32_Debug|x86.ActiveCfg = Release|Any CPU
		{72BF0877-6A8E-571D-D466-818B88C19423}.ATM32_Debug|x86.Build.0 = Release|Any CPU
		{72BF0877-6A8E-571D-D466-818B88C19423}.Debug|Any CPU.ActiveCfg = Debug|Any CPU
		{72BF0877-6A8E-571D-D466-818B88C19423}.Debug|Any CPU.Build.0 = Debug|Any CPU
		{72BF0877-6A8E-571D-D466-818B88C19423}.Debug|x64.ActiveCfg = Debug|Any CPU
		{72BF0877-6A8E-571D-D466-818B88C19423}.Debug|x64.Build.0 = Debug|Any CPU
		{72BF0877-6A8E-571D-D466-818B88C19423}.Debug|x86.ActiveCfg = Debug|Any CPU
		{72BF0877-6A8E-571D-D466-818B88C19423}.Debug|x86.Build.0 = Debug|Any CPU
		{72BF0877-6A8E-571D-D466-818B88C19423}.Release|Any CPU.ActiveCfg = Release|Any CPU
		{72BF0877-6A8E-571D-D466-818B88C19423}.Release|Any CPU.Build.0 = Release|Any CPU
		{72BF0877-6A8E-571D-D466-818B88C19423}.Release|x64.ActiveCfg = Release|Any CPU
		{72BF0877-6A8E-571D-D466-818B88C19423}.Release|x64.Build.0 = Release|Any CPU
		{72BF0877-6A8E-571D-D466-818B88C19423}.Release|x86.ActiveCfg = Release|Any CPU
		{72BF0877-6A8E-571D-D466-818B88C19423}.Release|x86.Build.0 = Release|Any CPU
		{EAA84422-8BD1-49E6-9DF1-FD927FE778CD}.ATM16_Debug|Any CPU.ActiveCfg = Release|Any CPU
		{EAA84422-8BD1-49E6-9DF1-FD927FE778CD}.ATM16_Debug|Any CPU.Build.0 = Release|Any CPU
		{EAA84422-8BD1-49E6-9DF1-FD927FE778CD}.ATM16_Debug|x64.ActiveCfg = Release|Any CPU
		{EAA84422-8BD1-49E6-9DF1-FD927FE778CD}.ATM16_Debug|x64.Build.0 = Release|Any CPU
		{EAA84422-8BD1-49E6-9DF1-FD927FE778CD}.ATM16_Debug|x86.ActiveCfg = Release|Any CPU
		{EAA84422-8BD1-49E6-9DF1-FD927FE778CD}.ATM16_Debug|x86.Build.0 = Release|Any CPU
		{EAA84422-8BD1-49E6-9DF1-FD927FE778CD}.ATM32_Debug|Any CPU.ActiveCfg = Release|Any CPU
		{EAA84422-8BD1-49E6-9DF1-FD927FE778CD}.ATM32_Debug|Any CPU.Build.0 = Release|Any CPU
		{EAA84422-8BD1-49E6-9DF1-FD927FE778CD}.ATM32_Debug|x64.ActiveCfg = Release|Any CPU
		{EAA84422-8BD1-49E6-9DF1-FD927FE778CD}.ATM32_Debug|x64.Build.0 = Release|Any CPU
		{EAA84422-8BD1-49E6-9DF1-FD927FE778CD}.ATM32_Debug|x86.ActiveCfg = Release|Any CPU
		{EAA84422-8BD1-49E6-9DF1-FD927FE778CD}.ATM32_Debug|x86.Build.0 = Release|Any CPU
		{EAA84422-8BD1-49E6-9DF1-FD927FE778CD}.Debug|Any CPU.ActiveCfg = Debug|Any CPU
		{EAA84422-8BD1-49E6-9DF1-FD927FE778CD}.Debug|Any CPU.Build.0 = Debug|Any CPU
		{EAA84422-8BD1-49E6-9DF1-FD927FE778CD}.Debug|x64.ActiveCfg = Debug|Any CPU
		{EAA84422-8BD1-49E6-9DF1-FD927FE778CD}.Debug|x64.Build.0 = Debug|Any CPU
		{EAA84422-8BD1-49E6-9DF1-FD927FE778CD}.Debug|x86.ActiveCfg = Debug|Any CPU
		{EAA84422-8BD1-49E6-9DF1-FD927FE778CD}.Debug|x86.Build.0 = Debug|Any CPU
		{EAA84422-8BD1-49E6-9DF1-FD927FE778CD}.Release|Any CPU.ActiveCfg = Release|Any CPU
		{EAA84422-8BD1-49E6-9DF1-FD927FE778CD}.Release|Any CPU.Build.0 = Release|Any CPU
		{EAA84422-8BD1-49E6-9DF1-FD927FE778CD}.Release|x64.ActiveCfg = Release|Any CPU
		{EAA84422-8BD1-49E6-9DF1-FD927FE778CD}.Release|x64.Build.0 = Release|Any CPU
		{EAA84422-8BD1-49E6-9DF1-FD927FE778CD}.Release|x86.ActiveCfg = Release|Any CPU
		{EAA84422-8BD1-49E6-9DF1-FD927FE778CD}.Release|x86.Build.0 = Release|Any CPU
	EndGlobalSection
	GlobalSection(SolutionProperties) = preSolution
		HideSolutionNode = FALSE
	EndGlobalSection
	GlobalSection(NestedProjects) = preSolution
		{4E07FCE2-CAF2-4F69-9F7C-C4B45B41D934} = {36D591C7-65C7-A0D1-1CBC-10CDE441BDC8}
		{8985B1C4-0F12-10D0-990D-EF72ABE89CCC} = {2C27DD50-DD81-44D3-BA84-0CBDFE09AF52}
		{36816526-C0F9-4E7E-A7D9-B7BE6478703B} = {2C27DD50-DD81-44D3-BA84-0CBDFE09AF52}
		{8F4803E7-F0FF-48A1-8DEA-17134568AA9C} = {36D591C7-65C7-A0D1-1CBC-10CDE441BDC8}
		{D74E9A97-9429-4F37-B314-0C2C5A13E1AC} = {2C27DD50-DD81-44D3-BA84-0CBDFE09AF52}
		{81DF6425-DAF4-4DBA-AB50-1D476D1511EC} = {36D591C7-65C7-A0D1-1CBC-10CDE441BDC8}
		{6C7F3F9C-4EEE-49AB-AFEF-3819A00B6DBF} = {85C311DA-6ABC-4661-8C2B-7C8FCEF46BCB}
		{85C311DA-6ABC-4661-8C2B-7C8FCEF46BCB} = {1FF6DE91-3EBD-4767-A034-756A62CB1340}
		{1874396D-2F90-4FF0-B31B-F95E73772812} = {85C311DA-6ABC-4661-8C2B-7C8FCEF46BCB}
		{2BF2BB58-BA29-4658-AFB7-345830B1C840} = {1FF6DE91-3EBD-4767-A034-756A62CB1340}
		{CFFBA15A-50AE-4E8E-9B91-794DF74DDD96} = {2BF2BB58-BA29-4658-AFB7-345830B1C840}
		{A929D611-0598-4D68-B58A-6D32DF7EACDB} = {2BF2BB58-BA29-4658-AFB7-345830B1C840}
		{4DCA25B7-C8A0-4ECE-B5B0-D4FEB5686F67} = {1FF6DE91-3EBD-4767-A034-756A62CB1340}
		{0A83E1B0-E070-9F99-FF67-C1B90F446AE7} = {4DCA25B7-C8A0-4ECE-B5B0-D4FEB5686F67}
		{E888E34A-D80C-739C-9898-59E84AC8A473} = {4DCA25B7-C8A0-4ECE-B5B0-D4FEB5686F67}
		{DC274153-CAAA-0B37-6E19-75D56EBF4160} = {4DCA25B7-C8A0-4ECE-B5B0-D4FEB5686F67}
		{151C1653-D126-403A-B666-3D3F696254A3} = {1FF6DE91-3EBD-4767-A034-756A62CB1340}
		{0E28687E-E5C5-4F86-AAFA-BE8D5634A650} = {151C1653-D126-403A-B666-3D3F696254A3}
	EndGlobalSection
	GlobalSection(ExtensibilityGlobals) = postSolution
		SolutionGuid = {54D8B68A-0DDD-4958-A207-6FEE0F9BC45E}
	EndGlobalSection
EndGlobal
