Microsoft Visual Studio Solution File, Format Version 12.00
# Visual Studio Version 17
VisualStudioVersion = 17.5.2.0
MinimumVisualStudioVersion = 10.0.40219.1
Project("{FAE04EC0-301F-11D3-BF4B-00C04F79EFBC}") = "HansHostProvider", "HansHostProvider.csproj", "{BB291BA6-C411-062C-7AC8-AF41FA51A7D4}"
EndProject
Global
	GlobalSection(SolutionConfigurationPlatforms) = preSolution
		Debug|Any CPU = Debug|Any CPU
		Release|Any CPU = Release|Any CPU
	EndGlobalSection
	GlobalSection(ProjectConfigurationPlatforms) = postSolution
		{BB291BA6-C411-062C-7AC8-AF41FA51A7D4}.Debug|Any CPU.ActiveCfg = Debug|Any CPU
		{BB291BA6-C411-062C-7AC8-AF41FA51A7D4}.Debug|Any CPU.Build.0 = Debug|Any CPU
		{BB291BA6-C411-062C-7AC8-AF41FA51A7D4}.Release|Any CPU.ActiveCfg = Release|Any CPU
		{BB291BA6-C411-062C-7AC8-AF41FA51A7D4}.Release|Any CPU.Build.0 = Release|Any CPU
	EndGlobalSection
	GlobalSection(SolutionProperties) = preSolution
		HideSolutionNode = FALSE
	EndGlobalSection
	GlobalSection(ExtensibilityGlobals) = postSolution
		SolutionGuid = {A56B45D9-B5B1-44AC-8273-90C765F3492A}
	EndGlobalSection
EndGlobal
